// !$*UTF8*$!
{
	archiveVersion = 1;
	classes = {
	};
	objectVersion = 46;
	objects = {

/* Begin PBXBuildFile section */
		B4E266651E68E7FB00BFE101 /* ThreeByThreeChainsCalculator.swift in Sources */ = {isa = PBXBuildFile; fileRef = B4E266641E68E7FB00BFE101 /* ThreeByThreeChainsCalculator.swift */; };
		B4E752FA1E655A4E00AC7B91 /* AppDelegate.swift in Sources */ = {isa = PBXBuildFile; fileRef = B4E752F91E655A4E00AC7B91 /* AppDelegate.swift */; };
		B4E752FC1E655A4E00AC7B91 /* ViewController.swift in Sources */ = {isa = PBXBuildFile; fileRef = B4E752FB1E655A4E00AC7B91 /* ViewController.swift */; };
		B4E752FF1E655A4E00AC7B91 /* Main.storyboard in Resources */ = {isa = PBXBuildFile; fileRef = B4E752FD1E655A4E00AC7B91 /* Main.storyboard */; };
		B4E753011E655A4E00AC7B91 /* Assets.xcassets in Resources */ = {isa = PBXBuildFile; fileRef = B4E753001E655A4E00AC7B91 /* Assets.xcassets */; };
		B4E753041E655A4E00AC7B91 /* LaunchScreen.storyboard in Resources */ = {isa = PBXBuildFile; fileRef = B4E753021E655A4E00AC7B91 /* LaunchScreen.storyboard */; };
		B4E7530D1E655C9D00AC7B91 /* ThreeByThreeView.swift in Sources */ = {isa = PBXBuildFile; fileRef = B4E7530C1E655C9D00AC7B91 /* ThreeByThreeView.swift */; };
/* End PBXBuildFile section */

/* Begin PBXFileReference section */
		B4E266641E68E7FB00BFE101 /* ThreeByThreeChainsCalculator.swift */ = {isa = PBXFileReference; fileEncoding = 4; lastKnownFileType = sourcecode.swift; path = ThreeByThreeChainsCalculator.swift; sourceTree = SOURCE_ROOT; };
		B4E752F61E655A4E00AC7B91 /* ThreeByThreeChains.app */ = {isa = PBXFileReference; explicitFileType = wrapper.application; includeInIndex = 0; path = ThreeByThreeChains.app; sourceTree = BUILT_PRODUCTS_DIR; };
		B4E752F91E655A4E00AC7B91 /* AppDelegate.swift */ = {isa = PBXFileReference; lastKnownFileType = sourcecode.swift; path = AppDelegate.swift; sourceTree = "<group>"; };
		B4E752FB1E655A4E00AC7B91 /* ViewController.swift */ = {isa = PBXFileReference; lastKnownFileType = sourcecode.swift; path = ViewController.swift; sourceTree = "<group>"; };
		B4E752FE1E655A4E00AC7B91 /* Base */ = {isa = PBXFileReference; lastKnownFileType = file.storyboard; name = Base; path = Base.lproj/Main.storyboard; sourceTree = "<group>"; };
		B4E753001E655A4E00AC7B91 /* Assets.xcassets */ = {isa = PBXFileReference; lastKnownFileType = folder.assetcatalog; path = Assets.xcassets; sourceTree = "<group>"; };
		B4E753031E655A4E00AC7B91 /* Base */ = {isa = PBXFileReference; lastKnownFileType = file.storyboard; name = Base; path = Base.lproj/LaunchScreen.storyboard; sourceTree = "<group>"; };
		B4E753051E655A4E00AC7B91 /* Info.plist */ = {isa = PBXFileReference; lastKnownFileType = text.plist.xml; path = Info.plist; sourceTree = "<group>"; };
		B4E7530C1E655C9D00AC7B91 /* ThreeByThreeView.swift */ = {isa = PBXFileReference; fileEncoding = 4; lastKnownFileType = sourcecode.swift; path = ThreeByThreeView.swift; sourceTree = "<group>"; };
/* End PBXFileReference section */

/* Begin PBXFrameworksBuildPhase section */
		B4E752F31E655A4E00AC7B91 /* Frameworks */ = {
			isa = PBXFrameworksBuildPhase;
			buildActionMask = 2147483647;
			files = (
			);
			runOnlyForDeploymentPostprocessing = 0;
		};
/* End PBXFrameworksBuildPhase section */

/* Begin PBXGroup section */
		B4E752ED1E655A4E00AC7B91 = {
			isa = PBXGroup;
			children = (
				B4E752F81E655A4E00AC7B91 /* ThreeByThreeChains */,
				B4E752F71E655A4E00AC7B91 /* Products */,
			);
			sourceTree = "<group>";
		};
		B4E752F71E655A4E00AC7B91 /* Products */ = {
			isa = PBXGroup;
			children = (
				B4E752F61E655A4E00AC7B91 /* ThreeByThreeChains.app */,
			);
			name = Products;
			sourceTree = "<group>";
		};
		B4E752F81E655A4E00AC7B91 /* ThreeByThreeChains */ = {
			isa = PBXGroup;
			children = (
				B4E7530B1E655A6D00AC7B91 /* Supporting Files */,
				B4E752FB1E655A4E00AC7B91 /* ViewController.swift */,
				B4E266641E68E7FB00BFE101 /* ThreeByThreeChainsCalculator.swift */,
				B4E7530C1E655C9D00AC7B91 /* ThreeByThreeView.swift */,
				B4E752FD1E655A4E00AC7B91 /* Main.storyboard */,
			);
			path = ThreeByThreeChains;
			sourceTree = "<group>";
		};
		B4E7530B1E655A6D00AC7B91 /* Supporting Files */ = {
			isa = PBXGroup;
			children = (
				B4E752F91E655A4E00AC7B91 /* AppDelegate.swift */,
				B4E753001E655A4E00AC7B91 /* Assets.xcassets */,
				B4E753021E655A4E00AC7B91 /* LaunchScreen.storyboard */,
				B4E753051E655A4E00AC7B91 /* Info.plist */,
			);
			name = "Supporting Files";
			sourceTree = "<group>";
		};
/* End PBXGroup section */

/* Begin PBXNativeTarget section */
		B4E752F51E655A4E00AC7B91 /* ThreeByThreeChains */ = {
			isa = PBXNativeTarget;
			buildConfigurationList = B4E753081E655A4E00AC7B91 /* Build configuration list for PBXNativeTarget "ThreeByThreeChains" */;
			buildPhases = (
				B4E752F21E655A4E00AC7B91 /* Sources */,
				B4E752F31E655A4E00AC7B91 /* Frameworks */,
				B4E752F41E655A4E00AC7B91 /* Resources */,
			);
			buildRules = (
			);
			dependencies = (
			);
			name = ThreeByThreeChains;
			productName = ThreeByThreeChains;
			productReference = B4E752F61E655A4E00AC7B91 /* ThreeByThreeChains.app */;
			productType = "com.apple.product-type.application";
		};
/* End PBXNativeTarget section */

/* Begin PBXProject section */
		B4E752EE1E655A4E00AC7B91 /* Project object */ = {
			isa = PBXProject;
			attributes = {
				LastSwiftUpdateCheck = 0820;
				LastUpgradeCheck = 0820;
				ORGANIZATIONNAME = kristoferpadilla;
				TargetAttributes = {
					B4E752F51E655A4E00AC7B91 = {
						CreatedOnToolsVersion = 8.2.1;
						DevelopmentTeam = Q35XQ4V3W7;
						ProvisioningStyle = Automatic;
					};
				};
			};
			buildConfigurationList = B4E752F11E655A4E00AC7B91 /* Build configuration list for PBXProject "ThreeByThreeChains" */;
			compatibilityVersion = "Xcode 3.2";
			developmentRegion = English;
			hasScannedForEncodings = 0;
			knownRegions = (
				en,
				Base,
			);
			mainGroup = B4E752ED1E655A4E00AC7B91;
			productRefGroup = B4E752F71E655A4E00AC7B91 /* Products */;
			projectDirPath = "";
			projectRoot = "";
			targets = (
				B4E752F51E655A4E00AC7B91 /* ThreeByThreeChains */,
			);
		};
/* End PBXProject section */

/* Begin PBXResourcesBuildPhase section */
		B4E752F41E655A4E00AC7B91 /* Resources */ = {
			isa = PBXResourcesBuildPhase;
			buildActionMask = 2147483647;
			files = (
				B4E753041E655A4E00AC7B91 /* LaunchScreen.storyboard in Resources */,
				B4E753011E655A4E00AC7B91 /* Assets.xcassets in Resources */,
				B4E752FF1E655A4E00AC7B91 /* Main.storyboard in Resources */,
			);
			runOnlyForDeploymentPostprocessing = 0;
		};
/* End PBXResourcesBuildPhase section */

/* Begin PBXSourcesBuildPhase section */
		B4E752F21E655A4E00AC7B91 /* Sources */ = {
			isa = PBXSourcesBuildPhase;
			buildActionMask = 2147483647;
			files = (
				B4E266651E68E7FB00BFE101 /* ThreeByThreeChainsCalculator.swift in Sources */,
				B4E752FC1E655A4E00AC7B91 /* ViewController.swift in Sources */,
				B4E7530D1E655C9D00AC7B91 /* ThreeByThreeView.swift in Sources */,
				B4E752FA1E655A4E00AC7B91 /* AppDelegate.swift in Sources */,
			);
			runOnlyForDeploymentPostprocessing = 0;
		};
/* End PBXSourcesBuildPhase section */

/* Begin PBXVariantGroup section */
		B4E752FD1E655A4E00AC7B91 /* Main.storyboard */ = {
			isa = PBXVariantGroup;
			children = (
				B4E752FE1E655A4E00AC7B91 /* Base */,
			);
			name = Main.storyboard;
			sourceTree = "<group>";
		};
		B4E753021E655A4E00AC7B91 /* LaunchScreen.storyboard */ = {
			isa = PBXVariantGroup;
			children = (
				B4E753031E655A4E00AC7B91 /* Base */,
			);
			name = LaunchScreen.storyboard;
			sourceTree = "<group>";
		};
/* End PBXVariantGroup section */

/* Begin XCBuildConfiguration section */
		B4E753061E655A4E00AC7B91 /* Debug */ = {
			isa = XCBuildConfiguration;
			buildSettings = {
				ALWAYS_SEARCH_USER_PATHS = NO;
				CLANG_ANALYZER_NONNULL = YES;
				CLANG_CXX_LANGUAGE_STANDARD = "gnu++0x";
				CLANG_CXX_LIBRARY = "libc++";
				CLANG_ENABLE_MODULES = YES;
				CLANG_ENABLE_OBJC_ARC = YES;
				CLANG_WARN_BOOL_CONVERSION = YES;
				CLANG_WARN_CONSTANT_CONVERSION = YES;
				CLANG_WARN_DIRECT_OBJC_ISA_USAGE = YES_ERROR;
				CLANG_WARN_DOCUMENTATION_COMMENTS = YES;
				CLANG_WARN_EMPTY_BODY = YES;
				CLANG_WARN_ENUM_CONVERSION = YES;
				CLANG_WARN_INFINITE_RECURSION = YES;
				CLANG_WARN_INT_CONVERSION = YES;
				CLANG_WARN_OBJC_ROOT_CLASS = YES_ERROR;
				CLANG_WARN_SUSPICIOUS_MOVE = YES;
				CLANG_WARN_UNREACHABLE_CODE = YES;
				CLANG_WARN__DUPLICATE_METHOD_MATCH = YES;
				"CODE_SIGN_IDENTITY[sdk=iphoneos*]" = "iPhone Developer";
				COPY_PHASE_STRIP = NO;
				DEBUG_INFORMATION_FORMAT = dwarf;
				ENABLE_STRICT_OBJC_MSGSEND = YES;
				ENABLE_TESTABILITY = YES;
				GCC_C_LANGUAGE_STANDARD = gnu99;
				GCC_DYNAMIC_NO_PIC = NO;
				GCC_NO_COMMON_BLOCKS = YES;
				GCC_OPTIMIZATION_LEVEL = 0;
				GCC_PREPROCESSOR_DEFINITIONS = (
					"DEBUG=1",
					"$(inherited)",
				);
				GCC_WARN_64_TO_32_BIT_CONVERSION = YES;
				GCC_WARN_ABOUT_RETURN_TYPE = YES_ERROR;
				GCC_WARN_UNDECLARED_SELECTOR = YES;
				GCC_WARN_UNINITIALIZED_AUTOS = YES_AGGRESSIVE;
				GCC_WARN_UNUSED_FUNCTION = YES;
				GCC_WARN_UNUSED_VARIABLE = YES;
				IPHONEOS_DEPLOYMENT_TARGET = 10.2;
				MTL_ENABLE_DEBUG_INFO = YES;
				ONLY_ACTIVE_ARCH = YES;
				SDKROOT = iphoneos;
				SWIFT_ACTIVE_COMPILATION_CONDITIONS = DEBUG;
				SWIFT_OPTIMIZATION_LEVEL = "-Onone";
				TARGETED_DEVICE_FAMILY = "1,2";
			};
			name = Debug;
		};
		B4E753071E655A4E00AC7B91 /* Release */ = {
			isa = XCBuildConfiguration;
			buildSettings = {
				ALWAYS_SEARCH_USER_PATHS = NO;
				CLANG_ANALYZER_NONNULL = YES;
				CLANG_CXX_LANGUAGE_STANDARD = "gnu++0x";
				CLANG_CXX_LIBRARY = "libc++";
				CLANG_ENABLE_MODULES = YES;
				CLANG_ENABLE_OBJC_ARC = YES;
				CLANG_WARN_BOOL_CONVERSION = YES;
				CLANG_WARN_CONSTANT_CONVERSION = YES;
				CLANG_WARN_DIRECT_OBJC_ISA_USAGE = YES_ERROR;
				CLANG_WARN_DOCUMENTATION_COMMENTS = YES;
				CLANG_WARN_EMPTY_BODY = YES;
				CLANG_WARN_ENUM_CONVERSION = YES;
				CLANG_WARN_INFINITE_RECURSION = YES;
				CLANG_WARN_INT_CONVERSION = YES;
				CLANG_WARN_OBJC_ROOT_CLASS = YES_ERROR;
				CLANG_WARN_SUSPICIOUS_MOVE = YES;
				CLANG_WARN_UNREACHABLE_CODE = YES;
				CLANG_WARN__DUPLICATE_METHOD_MATCH = YES;
				"CODE_SIGN_IDENTITY[sdk=iphoneos*]" = "iPhone Developer";
				COPY_PHASE_STRIP = NO;
				DEBUG_INFORMATION_FORMAT = "dwarf-with-dsym";
				ENABLE_NS_ASSERTIONS = NO;
				ENABLE_STRICT_OBJC_MSGSEND = YES;
				GCC_C_LANGUAGE_STANDARD = gnu99;
				GCC_NO_COMMON_BLOCKS = YES;
				GCC_WARN_64_TO_32_BIT_CONVERSION = YES;
				GCC_WARN_ABOUT_RETURN_TYPE = YES_ERROR;
				GCC_WARN_UNDECLARED_SELECTOR = YES;
				GCC_WARN_UNINITIALIZED_AUTOS = YES_AGGRESSIVE;
				GCC_WARN_UNUSED_FUNCTION = YES;
				GCC_WARN_UNUSED_VARIABLE = YES;
				IPHONEOS_DEPLOYMENT_TARGET = 10.2;
				MTL_ENABLE_DEBUG_INFO = NO;
				SDKROOT = iphoneos;
				SWIFT_OPTIMIZATION_LEVEL = "-Owholemodule";
				TARGETED_DEVICE_FAMILY = "1,2";
				VALIDATE_PRODUCT = YES;
			};
			name = Release;
		};
		B4E753091E655A4E00AC7B91 /* Debug */ = {
			isa = XCBuildConfiguration;
			buildSettings = {
				ASSETCATALOG_COMPILER_APPICON_NAME = AppIcon;
				DEVELOPMENT_TEAM = Q35XQ4V3W7;
				INFOPLIST_FILE = ThreeByThreeChains/Info.plist;
				LD_RUNPATH_SEARCH_PATHS = "$(inherited) @executable_path/Frameworks";
				PRODUCT_BUNDLE_IDENTIFIER = edu.kristoferpadilla.ThreeByThreeChains;
				PRODUCT_NAME = "$(TARGET_NAME)";
				SWIFT_VERSION = 3.0;
			};
			name = Debug;
		};
		B4E7530A1E655A4E00AC7B91 /* Release */ = {
			isa = XCBuildConfiguration;
			buildSettings = {
				ASSETCATALOG_COMPILER_APPICON_NAME = AppIcon;
				DEVELOPMENT_TEAM = Q35XQ4V3W7;
				INFOPLIST_FILE = ThreeByThreeChains/Info.plist;
				LD_RUNPATH_SEARCH_PATHS = "$(inherited) @executable_path/Frameworks";
				PRODUCT_BUNDLE_IDENTIFIER = edu.kristoferpadilla.ThreeByThreeChains;
				PRODUCT_NAME = "$(TARGET_NAME)";
				SWIFT_VERSION = 3.0;
			};
			name = Release;
		};
/* End XCBuildConfiguration section */

/* Begin XCConfigurationList section */
		B4E752F11E655A4E00AC7B91 /* Build configuration list for PBXProject "ThreeByThreeChains" */ = {
			isa = XCConfigurationList;
			buildConfigurations = (
				B4E753061E655A4E00AC7B91 /* Debug */,
				B4E753071E655A4E00AC7B91 /* Release */,
			);
			defaultConfigurationIsVisible = 0;
			defaultConfigurationName = Release;
		};
		B4E753081E655A4E00AC7B91 /* Build configuration list for PBXNativeTarget "ThreeByThreeChains" */ = {
			isa = XCConfigurationList;
			buildConfigurations = (
				B4E753091E655A4E00AC7B91 /* Debug */,
				B4E7530A1E655A4E00AC7B91 /* Release */,
			);
			defaultConfigurationIsVisible = 0;
			defaultConfigurationName = Release;
		};
/* End XCConfigurationList section */
	};
	rootObject = B4E752EE1E655A4E00AC7B91 /* Project object */;
}
